# -- Toggle deployment of Twistlock.
enabled: true
git:
  repo: "https://github.com/VivSoftOrg/twistlock.git"
  path: "./chart"
  tag: "0.9.1-bb.0"
# -- Flux reconciliation overrides specifically for the Twistlock Package
flux: {}
# -- Redirect the package ingress to a specific Istio Gateway (listed in `istio.gateways`).  The default is "public".
ingress:
  gateway: ""
# -- Values to passthrough to the twistlock chart: https://github.com/VivSoftOrg/twistlock.git
values:
  console:
    image:
      repository: registry.gitlab.com/enbuild-staging/container_registry/twistlock-console/console
  defender:
    image:
      repository: registry.gitlab.com/enbuild-staging/container_registry/twistlock-defender/defender
  init:
    image:
      repository: registry.gitlab.com/enbuild-staging/container_registry/big-bang-base
  bbtests:
    scripts:
      image: registry.gitlab.com/enbuild-staging/container_registry/stedolan-jq:1.6
# -- Post Renderers.  See docs/postrenders.md
postRenderers: []
