# -- Toggle deployment of Twistlock.
enabled: true
git:
  repo: https://gitlab.com/enbuild-staging/charts/twistlock.git
  path: "./chart"
  tag: "0.1.0-bb.0"

# -- Flux reconciliation overrides specifically for the Twistlock Package
flux: {}

# Redirect the package ingress to a specific Istio Gateway (listed in `istio.gateways`).  The default is "public".
ingress:
  gateway: ""

# -- Values to passthrough to the twistlock chart: https://gitlab.com/enbuild-staging/charts/twistlock.git
values: {}

# -- Post Renderers.  See docs/postrenders.md
postRenderers: []