# -- Flux reconciliation overrides specifically for the Twistlock Package
flux: {}

# Redirect the package ingress to a specific Istio Gateway (listed in `istio.gateways`).  The default is "public".
ingress:
  gateway: ""

# -- Values to passthrough to the twistlock chart: https://repo1.dso.mil/platform-one/big-bang/apps/security-tools/twistlock.git
values: {}

# -- Post Renderers.  See docs/postrenders.md
postRenderers: []